
Microsoft Visual Studio Solution File, Format Version 12.00
# Visual Studio Version 17
VisualStudioVersion = 17.3.32819.101
MinimumVisualStudioVersion = 10.0.40219.1
Project("{FAE04EC0-301F-11D3-BF4B-00C04F79EFBC}") = "WebAPI_Airline", "WebAPI_Airline\WebAPI_Airline.csproj", "{7EE6EE68-D519-45D4-A872-0B53E1FF7FD4}"
EndProject
Global
	GlobalSection(SolutionConfigurationPlatforms) = preSolution
		Debug|Any CPU = Debug|Any CPU
		Release|Any CPU = Release|Any CPU
	EndGlobalSection
	GlobalSection(ProjectConfigurationPlatforms) = postSolution
		{7EE6EE68-D519-45D4-A872-0B53E1FF7FD4}.Debug|Any CPU.ActiveCfg = Debug|Any CPU
		{7EE6EE68-D519-45D4-A872-0B53E1FF7FD4}.Debug|Any CPU.Build.0 = Debug|Any CPU
		{7EE6EE68-D519-45D4-A872-0B53E1FF7FD4}.Release|Any CPU.ActiveCfg = Release|Any CPU
		{7EE6EE68-D519-45D4-A872-0B53E1FF7FD4}.Release|Any CPU.Build.0 = Release|Any CPU
	EndGlobalSection
	GlobalSection(SolutionProperties) = preSolution
		HideSolutionNode = FALSE
	EndGlobalSection
	GlobalSection(ExtensibilityGlobals) = postSolution
		SolutionGuid = {00C865EA-E8F9-4B42-AA56-CE12D78965CC}
	EndGlobalSection
EndGlobal
