
Microsoft Visual Studio Solution File, Format Version 12.00
# Visual Studio Version 17
VisualStudioVersion = 17.3.32819.101
MinimumVisualStudioVersion = 10.0.40219.1
Project("{9A19103F-16F7-4668-BE54-9A1E7A4F7556}") = "WebAPI_Aircraft", "WebAPI_Aircraft\WebAPI_Aircraft.csproj", "{BCCCD303-216E-4D9F-8D01-1DAE502C84FD}"
EndProject
Project("{9A19103F-16F7-4668-BE54-9A1E7A4F7556}") = "WebAPI_Airline", "..\WebAPI_Airline\WebAPI_Airline\WebAPI_Airline.csproj", "{DAE259B7-0353-4B1A-B4AA-71ACB10EEE62}"
EndProject
Global
	GlobalSection(SolutionConfigurationPlatforms) = preSolution
		Debug|Any CPU = Debug|Any CPU
		Release|Any CPU = Release|Any CPU
	EndGlobalSection
	GlobalSection(ProjectConfigurationPlatforms) = postSolution
		{BCCCD303-216E-4D9F-8D01-1DAE502C84FD}.Debug|Any CPU.ActiveCfg = Debug|Any CPU
		{BCCCD303-216E-4D9F-8D01-1DAE502C84FD}.Debug|Any CPU.Build.0 = Debug|Any CPU
		{BCCCD303-216E-4D9F-8D01-1DAE502C84FD}.Release|Any CPU.ActiveCfg = Release|Any CPU
		{BCCCD303-216E-4D9F-8D01-1DAE502C84FD}.Release|Any CPU.Build.0 = Release|Any CPU
		{DAE259B7-0353-4B1A-B4AA-71ACB10EEE62}.Debug|Any CPU.ActiveCfg = Debug|Any CPU
		{DAE259B7-0353-4B1A-B4AA-71ACB10EEE62}.Debug|Any CPU.Build.0 = Debug|Any CPU
		{DAE259B7-0353-4B1A-B4AA-71ACB10EEE62}.Release|Any CPU.ActiveCfg = Release|Any CPU
		{DAE259B7-0353-4B1A-B4AA-71ACB10EEE62}.Release|Any CPU.Build.0 = Release|Any CPU
	EndGlobalSection
	GlobalSection(SolutionProperties) = preSolution
		HideSolutionNode = FALSE
	EndGlobalSection
	GlobalSection(ExtensibilityGlobals) = postSolution
		SolutionGuid = {1E6886BF-4D98-45AE-B116-81958DDCC7D2}
	EndGlobalSection
EndGlobal
